
Microsoft Visual Studio Solution File, Format Version 12.00
# Visual Studio Version 17
VisualStudioVersion = 17.9.34714.143
MinimumVisualStudioVersion = 10.0.40219.1
Project("{9A19103F-16F7-4668-BE54-9A1E7A4F7556}") = "SudLife_Premiumcalculation.APILayer", "SudLife_Premiumcalculation.APILayer\SudLife_Premiumcalculation.APILayer.csproj", "{52FE03D1-7990-4E82-A7A9-8BD5AE42818B}"
EndProject
Project("{9A19103F-16F7-4668-BE54-9A1E7A4F7556}") = "Sudlife_SaralJeevan.APILayer", "Sudlife_SaralJeevan.APILayer\Sudlife_SaralJeevan.APILayer.csproj", "{B9658B2F-D5A9-45C4-B7A4-085227584FC3}"
EndProject
Project("{9A19103F-16F7-4668-BE54-9A1E7A4F7556}") = "SudLife_ProtectShield.APILayer", "SudLife_ProtectShield.APILayer\SudLife_ProtectShield.APILayer.csproj", "{A316878D-4DE1-4FD0-AF88-B1AAC662D783}"
EndProject
Project("{9A19103F-16F7-4668-BE54-9A1E7A4F7556}") = "Sudlife_ProtectShieldPlus.APILayer", "Sudlife_ProtectShieldPlus.APILayer\Sudlife_ProtectShieldPlus.APILayer.csproj", "{0C932A3D-8D02-4B4B-9A83-CBD91DBBD8B5}"
EndProject
Project("{9A19103F-16F7-4668-BE54-9A1E7A4F7556}") = "DbScript", "DbScript\DbScript.csproj", "{FC52156F-19A9-4B35-8108-18D891392184}"
EndProject
Project("{FAE04EC0-301F-11D3-BF4B-00C04F79EFBC}") = "SecurityMechansim.ServiceLayer", "SecurityMechansim.ServiceLayer\SecurityMechansim.ServiceLayer.csproj", "{52CDF105-2442-4C68-AE6F-AA5BA173CBB9}"
EndProject
Global
	GlobalSection(SolutionConfigurationPlatforms) = preSolution
		Debug|Any CPU = Debug|Any CPU
		Release|Any CPU = Release|Any CPU
	EndGlobalSection
	GlobalSection(ProjectConfigurationPlatforms) = postSolution
		{52FE03D1-7990-4E82-A7A9-8BD5AE42818B}.Debug|Any CPU.ActiveCfg = Debug|Any CPU
		{52FE03D1-7990-4E82-A7A9-8BD5AE42818B}.Debug|Any CPU.Build.0 = Debug|Any CPU
		{52FE03D1-7990-4E82-A7A9-8BD5AE42818B}.Release|Any CPU.ActiveCfg = Release|Any CPU
		{52FE03D1-7990-4E82-A7A9-8BD5AE42818B}.Release|Any CPU.Build.0 = Release|Any CPU
		{B9658B2F-D5A9-45C4-B7A4-085227584FC3}.Debug|Any CPU.ActiveCfg = Debug|Any CPU
		{B9658B2F-D5A9-45C4-B7A4-085227584FC3}.Debug|Any CPU.Build.0 = Debug|Any CPU
		{B9658B2F-D5A9-45C4-B7A4-085227584FC3}.Release|Any CPU.ActiveCfg = Release|Any CPU
		{B9658B2F-D5A9-45C4-B7A4-085227584FC3}.Release|Any CPU.Build.0 = Release|Any CPU
		{A316878D-4DE1-4FD0-AF88-B1AAC662D783}.Debug|Any CPU.ActiveCfg = Debug|Any CPU
		{A316878D-4DE1-4FD0-AF88-B1AAC662D783}.Debug|Any CPU.Build.0 = Debug|Any CPU
		{A316878D-4DE1-4FD0-AF88-B1AAC662D783}.Release|Any CPU.ActiveCfg = Release|Any CPU
		{A316878D-4DE1-4FD0-AF88-B1AAC662D783}.Release|Any CPU.Build.0 = Release|Any CPU
		{0C932A3D-8D02-4B4B-9A83-CBD91DBBD8B5}.Debug|Any CPU.ActiveCfg = Debug|Any CPU
		{0C932A3D-8D02-4B4B-9A83-CBD91DBBD8B5}.Debug|Any CPU.Build.0 = Debug|Any CPU
		{0C932A3D-8D02-4B4B-9A83-CBD91DBBD8B5}.Release|Any CPU.ActiveCfg = Release|Any CPU
		{0C932A3D-8D02-4B4B-9A83-CBD91DBBD8B5}.Release|Any CPU.Build.0 = Release|Any CPU
		{FC52156F-19A9-4B35-8108-18D891392184}.Debug|Any CPU.ActiveCfg = Debug|Any CPU
		{FC52156F-19A9-4B35-8108-18D891392184}.Debug|Any CPU.Build.0 = Debug|Any CPU
		{FC52156F-19A9-4B35-8108-18D891392184}.Release|Any CPU.ActiveCfg = Release|Any CPU
		{FC52156F-19A9-4B35-8108-18D891392184}.Release|Any CPU.Build.0 = Release|Any CPU
		{52CDF105-2442-4C68-AE6F-AA5BA173CBB9}.Debug|Any CPU.ActiveCfg = Debug|Any CPU
		{52CDF105-2442-4C68-AE6F-AA5BA173CBB9}.Debug|Any CPU.Build.0 = Debug|Any CPU
		{52CDF105-2442-4C68-AE6F-AA5BA173CBB9}.Release|Any CPU.ActiveCfg = Release|Any CPU
		{52CDF105-2442-4C68-AE6F-AA5BA173CBB9}.Release|Any CPU.Build.0 = Release|Any CPU
	EndGlobalSection
	GlobalSection(SolutionProperties) = preSolution
		HideSolutionNode = FALSE
	EndGlobalSection
	GlobalSection(ExtensibilityGlobals) = postSolution
		SolutionGuid = {B2F1C67F-AC79-4FE7-92B7-E71F66FF48BB}
	EndGlobalSection
EndGlobal
